
Microsoft Visual Studio Solution File, Format Version 12.00
# Visual Studio 15
VisualStudioVersion = 15.0.26730.12
MinimumVisualStudioVersion = 10.0.40219.1
Project("{FAE04EC0-301F-11D3-BF4B-00C04F79EFBC}") = "3D_Projecting", "3D_Projecting\3D_Projecting.csproj", "{357B9842-7761-4B9B-A7D2-D9B35EC39349}"
EndProject
Global
	GlobalSection(SolutionConfigurationPlatforms) = preSolution
		Debug|Any CPU = Debug|Any CPU
		Release|Any CPU = Release|Any CPU
	EndGlobalSection
	GlobalSection(ProjectConfigurationPlatforms) = postSolution
		{357B9842-7761-4B9B-A7D2-D9B35EC39349}.Debug|Any CPU.ActiveCfg = Debug|Any CPU
		{357B9842-7761-4B9B-A7D2-D9B35EC39349}.Debug|Any CPU.Build.0 = Debug|Any CPU
		{357B9842-7761-4B9B-A7D2-D9B35EC39349}.Release|Any CPU.ActiveCfg = Release|Any CPU
		{357B9842-7761-4B9B-A7D2-D9B35EC39349}.Release|Any CPU.Build.0 = Release|Any CPU
	EndGlobalSection
	GlobalSection(SolutionProperties) = preSolution
		HideSolutionNode = FALSE
	EndGlobalSection
	GlobalSection(ExtensibilityGlobals) = postSolution
		SolutionGuid = {963B6340-0F04-46BD-847D-9E70CE5C702D}
	EndGlobalSection
EndGlobal
